
Microsoft Visual Studio Solution File, Format Version 12.00
# Visual Studio Version 16
VisualStudioVersion = 16.0.29009.5
MinimumVisualStudioVersion = 10.0.40219.1
Project("{FAE04EC0-301F-11D3-BF4B-00C04F79EFBC}") = "vsSHOPPER1", "vsSHOPPER1.csproj", "{148D5411-E77E-4F53-930F-4A8692313662}"
	ProjectSection(ProjectDependencies) = postProject
		{E748A55C-7F72-4FC2-BB7C-185F1A5C1B82} = {E748A55C-7F72-4FC2-BB7C-185F1A5C1B82}
	EndProjectSection
EndProject
Project("{FAE04EC0-301F-11D3-BF4B-00C04F79EFBC}") = "VsShopper_Infra", "..\VsShopper_Infra\VsShopper_Infra.csproj", "{E748A55C-7F72-4FC2-BB7C-185F1A5C1B82}"
EndProject
Global
	GlobalSection(SolutionConfigurationPlatforms) = preSolution
		Debug|Any CPU = Debug|Any CPU
		Release|Any CPU = Release|Any CPU
	EndGlobalSection
	GlobalSection(ProjectConfigurationPlatforms) = postSolution
		{148D5411-E77E-4F53-930F-4A8692313662}.Debug|Any CPU.ActiveCfg = Debug|Any CPU
		{148D5411-E77E-4F53-930F-4A8692313662}.Debug|Any CPU.Build.0 = Debug|Any CPU
		{148D5411-E77E-4F53-930F-4A8692313662}.Release|Any CPU.ActiveCfg = Release|Any CPU
		{148D5411-E77E-4F53-930F-4A8692313662}.Release|Any CPU.Build.0 = Release|Any CPU
		{E748A55C-7F72-4FC2-BB7C-185F1A5C1B82}.Debug|Any CPU.ActiveCfg = Debug|Any CPU
		{E748A55C-7F72-4FC2-BB7C-185F1A5C1B82}.Debug|Any CPU.Build.0 = Debug|Any CPU
		{E748A55C-7F72-4FC2-BB7C-185F1A5C1B82}.Release|Any CPU.ActiveCfg = Release|Any CPU
		{E748A55C-7F72-4FC2-BB7C-185F1A5C1B82}.Release|Any CPU.Build.0 = Release|Any CPU
	EndGlobalSection
	GlobalSection(SolutionProperties) = preSolution
		HideSolutionNode = FALSE
	EndGlobalSection
	GlobalSection(ExtensibilityGlobals) = postSolution
		SolutionGuid = {96D1F356-4703-4394-BB81-69B263278F44}
	EndGlobalSection
EndGlobal
